{
  "name": "mosga-community-data",
  "version": "0.1.0",
  "lockfileVersion": 3,
  "requires": true,
  "packages": {
    "": {
      "name": "mosga-community-data",
      "version": "0.1.0",
      "license": "MIT",
      "dependencies": {
        "@mosga/contracts": "file:vendor/mosga-contracts-0.1.0.tgz",
        "@mosga/publisher": "file:vendor/mosga-publisher-0.1.0.tgz",
        "@mosga/sanitizer": "file:vendor/mosga-sanitizer-0.1.0.tgz",
        "@mosga/session-readers": "file:vendor/mosga-session-readers-0.1.0.tgz"
      }
    },
    "node_modules/@mosga/contracts": {
      "version": "0.1.0",
      "resolved": "file:vendor/mosga-contracts-0.1.0.tgz",
      "integrity": "sha512-CZLAAPxiLq3RrT+DzdTd4ynegcR/dUFqskVwSIwAl8EqlwO1GIBK9/srnmVlCSVirjZJjNn47VGwBbgUnK3fXg==",
      "license": "MIT",
      "dependencies": {
        "zod": "^4.3.6"
      }
    },
    "node_modules/@mosga/publisher": {
      "version": "0.1.0",
      "resolved": "file:vendor/mosga-publisher-0.1.0.tgz",
      "integrity": "sha512-vKpaNuCQk7DmIPPAO1HBicmv4WputRJjClixAyaBdbi7qcrKSY2BYMavCvq7C2sdm0HcxWdMO2nUiBZRd3PEwQ==",
      "license": "MIT",
      "dependencies": {
        "@mosga/contracts": "*",
        "@mosga/sanitizer": "*",
        "zod": "^4.3.6"
      },
      "bin": {
        "mosga-publish": "dist/cli.js"
      }
    },
    "node_modules/@mosga/sanitizer": {
      "version": "0.1.0",
      "resolved": "file:vendor/mosga-sanitizer-0.1.0.tgz",
      "integrity": "sha512-Z0a+LMOEelgNzTqV3YHRWOnozVcVNHiQsX4mVfHmwIGpVnQGa3bAly/GePGGYgU37sZpZDOSIubwu+fkshRZ7A==",
      "license": "MIT",
      "dependencies": {
        "@mosga/contracts": "*",
        "@mosga/session-readers": "*",
        "smol-toml": "^1.3.1",
        "zod": "^4.3.6"
      }
    },
    "node_modules/@mosga/session-readers": {
      "version": "0.1.0",
      "resolved": "file:vendor/mosga-session-readers-0.1.0.tgz",
      "integrity": "sha512-yD/WXh9R7d3o7kYX4m+T1QtdDFF8DQANJ60Z+5aggVohr5h5qbCXN4klB3nh+5mI5sTT3VIIRdRBjPkLmyUxJA==",
      "license": "MIT",
      "dependencies": {
        "@mosga/contracts": "*"
      }
    },
    "node_modules/smol-toml": {
      "version": "1.7.1",
      "resolved": "https://registry.npmjs.org/smol-toml/-/smol-toml-1.7.1.tgz",
      "integrity": "sha512-PPlsspAZ4jbMBu5DMFhfUGDQLu/vrL4SyBROVS37x8ynnVmFIs1VPBz1Co8Xks3TvpIaZXmU85y4DrQ+UyVFoQ==",
      "license": "BSD-3-Clause",
      "engines": {
        "node": ">= 18"
      },
      "funding": {
        "url": "https://github.com/sponsors/cyyynthia"
      }
    },
    "node_modules/zod": {
      "version": "4.4.3",
      "resolved": "https://registry.npmjs.org/zod/-/zod-4.4.3.tgz",
      "integrity": "sha512-ytENFjIJFl2UwYglde2jchW2Hwm4GJFLDiSXWdTrJQBIN9Fcyp7n4DhxJEiWNAJMV1/BqWfW/kkg71UDcHJyTQ==",
      "license": "MIT",
      "funding": {
        "url": "https://github.com/sponsors/colinhacks"
      }
    }
  }
}
